// !$*UTF8*$!
{
	archiveVersion = 1;
	classes = {
	};
	objectVersion = 56;
	objects = {

/* Begin PBXBuildFile section */
		2903ABE62A850A1E0064680D /* IOSDatabasesApp.swift in Sources */ = {isa = PBXBuildFile; fileRef = 2903ABE52A850A1E0064680D /* IOSDatabasesApp.swift */; };
		2903ABE82A850A1E0064680D /* ContentView.swift in Sources */ = {isa = PBXBuildFile; fileRef = 2903ABE72A850A1E0064680D /* ContentView.swift */; };
		2903ABEA2A850A1F0064680D /* Assets.xcassets in Resources */ = {isa = PBXBuildFile; fileRef = 2903ABE92A850A1F0064680D /* Assets.xcassets */; };
		2903ABED2A850A1F0064680D /* Preview Assets.xcassets in Resources */ = {isa = PBXBuildFile; fileRef = 2903ABEC2A850A1F0064680D /* Preview Assets.xcassets */; };
		2903ABEF2A850A1F0064680D /* Persistence.swift in Sources */ = {isa = PBXBuildFile; fileRef = 2903ABEE2A850A1F0064680D /* Persistence.swift */; };
		2903ABF22A850A1F0064680D /* IOSDatabases.xcdatamodeld in Sources */ = {isa = PBXBuildFile; fileRef = 2903ABF02A850A1F0064680D /* IOSDatabases.xcdatamodeld */; };
		2903ABFC2A850A1F0064680D /* IOSDatabasesTests.swift in Sources */ = {isa = PBXBuildFile; fileRef = 2903ABFB2A850A1F0064680D /* IOSDatabasesTests.swift */; };
		2903AC062A850A1F0064680D /* IOSDatabasesUITests.swift in Sources */ = {isa = PBXBuildFile; fileRef = 2903AC052A850A1F0064680D /* IOSDatabasesUITests.swift */; };
		2903AC082A850A1F0064680D /* IOSDatabasesUITestsLaunchTests.swift in Sources */ = {isa = PBXBuildFile; fileRef = 2903AC072A850A1F0064680D /* IOSDatabasesUITestsLaunchTests.swift */; };
		2903AC1D2A852A4F0064680D /* DuckDBLogic.swift in Sources */ = {isa = PBXBuildFile; fileRef = 2903AC1C2A852A4F0064680D /* DuckDBLogic.swift */; };
		2903AC1E2A852A4F0064680D /* DuckDBLogic.swift in Sources */ = {isa = PBXBuildFile; fileRef = 2903AC1C2A852A4F0064680D /* DuckDBLogic.swift */; };
		2903AC202A852A760064680D /* DataBaseBenchmarkView.swift in Sources */ = {isa = PBXBuildFile; fileRef = 2903AC1F2A852A760064680D /* DataBaseBenchmarkView.swift */; };
		2903AC212A852A760064680D /* DataBaseBenchmarkView.swift in Sources */ = {isa = PBXBuildFile; fileRef = 2903AC1F2A852A760064680D /* DataBaseBenchmarkView.swift */; };
		2903AC242A852AA60064680D /* DuckDB in Frameworks */ = {isa = PBXBuildFile; productRef = 2903AC232A852AA60064680D /* DuckDB */; };
		2903AC272A852B260064680D /* Realm in Frameworks */ = {isa = PBXBuildFile; productRef = 2903AC262A852B260064680D /* Realm */; };
		2903AC292A852B260064680D /* RealmSwift in Frameworks */ = {isa = PBXBuildFile; productRef = 2903AC282A852B260064680D /* RealmSwift */; };
		2903AC2C2A852BE50064680D /* SQLite in Frameworks */ = {isa = PBXBuildFile; productRef = 2903AC2B2A852BE50064680D /* SQLite */; };
		2903AC2E2A852C7F0064680D /* Database.swift in Sources */ = {isa = PBXBuildFile; fileRef = 2903AC2D2A852C7F0064680D /* Database.swift */; };
		2903AC2F2A852C7F0064680D /* Database.swift in Sources */ = {isa = PBXBuildFile; fileRef = 2903AC2D2A852C7F0064680D /* Database.swift */; };
/* End PBXBuildFile section */

/* Begin PBXContainerItemProxy section */
		2903ABF82A850A1F0064680D /* PBXContainerItemProxy */ = {
			isa = PBXContainerItemProxy;
			containerPortal = 2903ABDA2A850A1E0064680D /* Project object */;
			proxyType = 1;
			remoteGlobalIDString = 2903ABE12A850A1E0064680D;
			remoteInfo = IOSDatabases;
		};
		2903AC022A850A1F0064680D /* PBXContainerItemProxy */ = {
			isa = PBXContainerItemProxy;
			containerPortal = 2903ABDA2A850A1E0064680D /* Project object */;
			proxyType = 1;
			remoteGlobalIDString = 2903ABE12A850A1E0064680D;
			remoteInfo = IOSDatabases;
		};
/* End PBXContainerItemProxy section */

/* Begin PBXFileReference section */
		2903ABE22A850A1E0064680D /* IOSDatabases.app */ = {isa = PBXFileReference; explicitFileType = wrapper.application; includeInIndex = 0; path = IOSDatabases.app; sourceTree = BUILT_PRODUCTS_DIR; };
		2903ABE52A850A1E0064680D /* IOSDatabasesApp.swift */ = {isa = PBXFileReference; lastKnownFileType = sourcecode.swift; path = IOSDatabasesApp.swift; sourceTree = "<group>"; };
		2903ABE72A850A1E0064680D /* ContentView.swift */ = {isa = PBXFileReference; lastKnownFileType = sourcecode.swift; path = ContentView.swift; sourceTree = "<group>"; };
		2903ABE92A850A1F0064680D /* Assets.xcassets */ = {isa = PBXFileReference; lastKnownFileType = folder.assetcatalog; path = Assets.xcassets; sourceTree = "<group>"; };
		2903ABEC2A850A1F0064680D /* Preview Assets.xcassets */ = {isa = PBXFileReference; lastKnownFileType = folder.assetcatalog; path = "Preview Assets.xcassets"; sourceTree = "<group>"; };
		2903ABEE2A850A1F0064680D /* Persistence.swift */ = {isa = PBXFileReference; lastKnownFileType = sourcecode.swift; path = Persistence.swift; sourceTree = "<group>"; };
		2903ABF12A850A1F0064680D /* IOSDatabases.xcdatamodel */ = {isa = PBXFileReference; lastKnownFileType = wrapper.xcdatamodel; path = IOSDatabases.xcdatamodel; sourceTree = "<group>"; };
		2903ABF72A850A1F0064680D /* IOSDatabasesTests.xctest */ = {isa = PBXFileReference; explicitFileType = wrapper.cfbundle; includeInIndex = 0; path = IOSDatabasesTests.xctest; sourceTree = BUILT_PRODUCTS_DIR; };
		2903ABFB2A850A1F0064680D /* IOSDatabasesTests.swift */ = {isa = PBXFileReference; lastKnownFileType = sourcecode.swift; path = IOSDatabasesTests.swift; sourceTree = "<group>"; };
		2903AC012A850A1F0064680D /* IOSDatabasesUITests.xctest */ = {isa = PBXFileReference; explicitFileType = wrapper.cfbundle; includeInIndex = 0; path = IOSDatabasesUITests.xctest; sourceTree = BUILT_PRODUCTS_DIR; };
		2903AC052A850A1F0064680D /* IOSDatabasesUITests.swift */ = {isa = PBXFileReference; lastKnownFileType = sourcecode.swift; path = IOSDatabasesUITests.swift; sourceTree = "<group>"; };
		2903AC072A850A1F0064680D /* IOSDatabasesUITestsLaunchTests.swift */ = {isa = PBXFileReference; lastKnownFileType = sourcecode.swift; path = IOSDatabasesUITestsLaunchTests.swift; sourceTree = "<group>"; };
		2903AC1C2A852A4F0064680D /* DuckDBLogic.swift */ = {isa = PBXFileReference; lastKnownFileType = sourcecode.swift; path = DuckDBLogic.swift; sourceTree = "<group>"; };
		2903AC1F2A852A760064680D /* DataBaseBenchmarkView.swift */ = {isa = PBXFileReference; lastKnownFileType = sourcecode.swift; path = DataBaseBenchmarkView.swift; sourceTree = "<group>"; };
		2903AC2D2A852C7F0064680D /* Database.swift */ = {isa = PBXFileReference; lastKnownFileType = sourcecode.swift; path = Database.swift; sourceTree = "<group>"; };
/* End PBXFileReference section */

/* Begin PBXFrameworksBuildPhase section */
		2903ABDF2A850A1E0064680D /* Frameworks */ = {
			isa = PBXFrameworksBuildPhase;
			buildActionMask = 2147483647;
			files = (
				2903AC2C2A852BE50064680D /* SQLite in Frameworks */,
				2903AC292A852B260064680D /* RealmSwift in Frameworks */,
				2903AC272A852B260064680D /* Realm in Frameworks */,
				2903AC242A852AA60064680D /* DuckDB in Frameworks */,
			);
			runOnlyForDeploymentPostprocessing = 0;
		};
		2903ABF42A850A1F0064680D /* Frameworks */ = {
			isa = PBXFrameworksBuildPhase;
			buildActionMask = 2147483647;
			files = (
			);
			runOnlyForDeploymentPostprocessing = 0;
		};
		2903ABFE2A850A1F0064680D /* Frameworks */ = {
			isa = PBXFrameworksBuildPhase;
			buildActionMask = 2147483647;
			files = (
			);
			runOnlyForDeploymentPostprocessing = 0;
		};
/* End PBXFrameworksBuildPhase section */

/* Begin PBXGroup section */
		2903ABD92A850A1E0064680D = {
			isa = PBXGroup;
			children = (
				2903ABE42A850A1E0064680D /* IOSDatabases */,
				2903ABFA2A850A1F0064680D /* IOSDatabasesTests */,
				2903AC042A850A1F0064680D /* IOSDatabasesUITests */,
				2903ABE32A850A1E0064680D /* Products */,
			);
			sourceTree = "<group>";
		};
		2903ABE32A850A1E0064680D /* Products */ = {
			isa = PBXGroup;
			children = (
				2903ABE22A850A1E0064680D /* IOSDatabases.app */,
				2903ABF72A850A1F0064680D /* IOSDatabasesTests.xctest */,
				2903AC012A850A1F0064680D /* IOSDatabasesUITests.xctest */,
			);
			name = Products;
			sourceTree = "<group>";
		};
		2903ABE42A850A1E0064680D /* IOSDatabases */ = {
			isa = PBXGroup;
			children = (
				2903AC172A8529E90064680D /* DatabaseLogic */,
				2903AC162A8529DE0064680D /* DatabaseViews */,
				2903ABE52A850A1E0064680D /* IOSDatabasesApp.swift */,
				2903ABE72A850A1E0064680D /* ContentView.swift */,
				2903AC2D2A852C7F0064680D /* Database.swift */,
				2903ABE92A850A1F0064680D /* Assets.xcassets */,
				2903ABEE2A850A1F0064680D /* Persistence.swift */,
				2903ABF02A850A1F0064680D /* IOSDatabases.xcdatamodeld */,
				2903ABEB2A850A1F0064680D /* Preview Content */,
			);
			path = IOSDatabases;
			sourceTree = "<group>";
		};
		2903ABEB2A850A1F0064680D /* Preview Content */ = {
			isa = PBXGroup;
			children = (
				2903ABEC2A850A1F0064680D /* Preview Assets.xcassets */,
			);
			path = "Preview Content";
			sourceTree = "<group>";
		};
		2903ABFA2A850A1F0064680D /* IOSDatabasesTests */ = {
			isa = PBXGroup;
			children = (
				2903ABFB2A850A1F0064680D /* IOSDatabasesTests.swift */,
			);
			path = IOSDatabasesTests;
			sourceTree = "<group>";
		};
		2903AC042A850A1F0064680D /* IOSDatabasesUITests */ = {
			isa = PBXGroup;
			children = (
				2903AC052A850A1F0064680D /* IOSDatabasesUITests.swift */,
				2903AC072A850A1F0064680D /* IOSDatabasesUITestsLaunchTests.swift */,
			);
			path = IOSDatabasesUITests;
			sourceTree = "<group>";
		};
		2903AC162A8529DE0064680D /* DatabaseViews */ = {
			isa = PBXGroup;
			children = (
				2903AC1F2A852A760064680D /* DataBaseBenchmarkView.swift */,
			);
			path = DatabaseViews;
			sourceTree = "<group>";
		};
		2903AC172A8529E90064680D /* DatabaseLogic */ = {
			isa = PBXGroup;
			children = (
				2903AC1C2A852A4F0064680D /* DuckDBLogic.swift */,
			);
			path = DatabaseLogic;
			sourceTree = "<group>";
		};
/* End PBXGroup section */

/* Begin PBXNativeTarget section */
		2903ABE12A850A1E0064680D /* IOSDatabases */ = {
			isa = PBXNativeTarget;
			buildConfigurationList = 2903AC0B2A850A1F0064680D /* Build configuration list for PBXNativeTarget "IOSDatabases" */;
			buildPhases = (
				2903ABDE2A850A1E0064680D /* Sources */,
				2903ABDF2A850A1E0064680D /* Frameworks */,
				2903ABE02A850A1E0064680D /* Resources */,
			);
			buildRules = (
			);
			dependencies = (
			);
			name = IOSDatabases;
			packageProductDependencies = (
				2903AC232A852AA60064680D /* DuckDB */,
				2903AC262A852B260064680D /* Realm */,
				2903AC282A852B260064680D /* RealmSwift */,
				2903AC2B2A852BE50064680D /* SQLite */,
			);
			productName = IOSDatabases;
			productReference = 2903ABE22A850A1E0064680D /* IOSDatabases.app */;
			productType = "com.apple.product-type.application";
		};
		2903ABF62A850A1F0064680D /* IOSDatabasesTests */ = {
			isa = PBXNativeTarget;
			buildConfigurationList = 2903AC0E2A850A1F0064680D /* Build configuration list for PBXNativeTarget "IOSDatabasesTests" */;
			buildPhases = (
				2903ABF32A850A1F0064680D /* Sources */,
				2903ABF42A850A1F0064680D /* Frameworks */,
				2903ABF52A850A1F0064680D /* Resources */,
			);
			buildRules = (
			);
			dependencies = (
				2903ABF92A850A1F0064680D /* PBXTargetDependency */,
			);
			name = IOSDatabasesTests;
			productName = IOSDatabasesTests;
			productReference = 2903ABF72A850A1F0064680D /* IOSDatabasesTests.xctest */;
			productType = "com.apple.product-type.bundle.unit-test";
		};
		2903AC002A850A1F0064680D /* IOSDatabasesUITests */ = {
			isa = PBXNativeTarget;
			buildConfigurationList = 2903AC112A850A1F0064680D /* Build configuration list for PBXNativeTarget "IOSDatabasesUITests" */;
			buildPhases = (
				2903ABFD2A850A1F0064680D /* Sources */,
				2903ABFE2A850A1F0064680D /* Frameworks */,
				2903ABFF2A850A1F0064680D /* Resources */,
			);
			buildRules = (
			);
			dependencies = (
				2903AC032A850A1F0064680D /* PBXTargetDependency */,
			);
			name = IOSDatabasesUITests;
			productName = IOSDatabasesUITests;
			productReference = 2903AC012A850A1F0064680D /* IOSDatabasesUITests.xctest */;
			productType = "com.apple.product-type.bundle.ui-testing";
		};
/* End PBXNativeTarget section */

/* Begin PBXProject section */
		2903ABDA2A850A1E0064680D /* Project object */ = {
			isa = PBXProject;
			attributes = {
				BuildIndependentTargetsInParallel = 1;
				LastSwiftUpdateCheck = 1430;
				LastUpgradeCheck = 1430;
				TargetAttributes = {
					2903ABE12A850A1E0064680D = {
						CreatedOnToolsVersion = 14.3.1;
					};
					2903ABF62A850A1F0064680D = {
						CreatedOnToolsVersion = 14.3.1;
						TestTargetID = 2903ABE12A850A1E0064680D;
					};
					2903AC002A850A1F0064680D = {
						CreatedOnToolsVersion = 14.3.1;
						TestTargetID = 2903ABE12A850A1E0064680D;
					};
				};
			};
			buildConfigurationList = 2903ABDD2A850A1E0064680D /* Build configuration list for PBXProject "IOSDatabases" */;
			compatibilityVersion = "Xcode 14.0";
			developmentRegion = en;
			hasScannedForEncodings = 0;
			knownRegions = (
				en,
				Base,
			);
			mainGroup = 2903ABD92A850A1E0064680D;
			packageReferences = (
				2903AC222A852AA60064680D /* XCRemoteSwiftPackageReference "duckdb-swift" */,
				2903AC252A852B260064680D /* XCRemoteSwiftPackageReference "realm-swift" */,
				2903AC2A2A852BE50064680D /* XCRemoteSwiftPackageReference "SQLite" */,
			);
			productRefGroup = 2903ABE32A850A1E0064680D /* Products */;
			projectDirPath = "";
			projectRoot = "";
			targets = (
				2903ABE12A850A1E0064680D /* IOSDatabases */,
				2903ABF62A850A1F0064680D /* IOSDatabasesTests */,
				2903AC002A850A1F0064680D /* IOSDatabasesUITests */,
			);
		};
/* End PBXProject section */

/* Begin PBXResourcesBuildPhase section */
		2903ABE02A850A1E0064680D /* Resources */ = {
			isa = PBXResourcesBuildPhase;
			buildActionMask = 2147483647;
			files = (
				2903ABED2A850A1F0064680D /* Preview Assets.xcassets in Resources */,
				2903ABEA2A850A1F0064680D /* Assets.xcassets in Resources */,
			);
			runOnlyForDeploymentPostprocessing = 0;
		};
		2903ABF52A850A1F0064680D /* Resources */ = {
			isa = PBXResourcesBuildPhase;
			buildActionMask = 2147483647;
			files = (
			);
			runOnlyForDeploymentPostprocessing = 0;
		};
		2903ABFF2A850A1F0064680D /* Resources */ = {
			isa = PBXResourcesBuildPhase;
			buildActionMask = 2147483647;
			files = (
			);
			runOnlyForDeploymentPostprocessing = 0;
		};
/* End PBXResourcesBuildPhase section */

/* Begin PBXSourcesBuildPhase section */
		2903ABDE2A850A1E0064680D /* Sources */ = {
			isa = PBXSourcesBuildPhase;
			buildActionMask = 2147483647;
			files = (
				2903AC1D2A852A4F0064680D /* DuckDBLogic.swift in Sources */,
				2903ABF22A850A1F0064680D /* IOSDatabases.xcdatamodeld in Sources */,
				2903ABEF2A850A1F0064680D /* Persistence.swift in Sources */,
				2903AC202A852A760064680D /* DataBaseBenchmarkView.swift in Sources */,
				2903ABE82A850A1E0064680D /* ContentView.swift in Sources */,
				2903AC2E2A852C7F0064680D /* Database.swift in Sources */,
				2903ABE62A850A1E0064680D /* IOSDatabasesApp.swift in Sources */,
			);
			runOnlyForDeploymentPostprocessing = 0;
		};
		2903ABF32A850A1F0064680D /* Sources */ = {
			isa = PBXSourcesBuildPhase;
			buildActionMask = 2147483647;
			files = (
				2903AC212A852A760064680D /* DataBaseBenchmarkView.swift in Sources */,
				2903ABFC2A850A1F0064680D /* IOSDatabasesTests.swift in Sources */,
				2903AC2F2A852C7F0064680D /* Database.swift in Sources */,
				2903AC1E2A852A4F0064680D /* DuckDBLogic.swift in Sources */,
			);
			runOnlyForDeploymentPostprocessing = 0;
		};
		2903ABFD2A850A1F0064680D /* Sources */ = {
			isa = PBXSourcesBuildPhase;
			buildActionMask = 2147483647;
			files = (
				2903AC062A850A1F0064680D /* IOSDatabasesUITests.swift in Sources */,
				2903AC082A850A1F0064680D /* IOSDatabasesUITestsLaunchTests.swift in Sources */,
			);
			runOnlyForDeploymentPostprocessing = 0;
		};
/* End PBXSourcesBuildPhase section */

/* Begin PBXTargetDependency section */
		2903ABF92A850A1F0064680D /* PBXTargetDependency */ = {
			isa = PBXTargetDependency;
			target = 2903ABE12A850A1E0064680D /* IOSDatabases */;
			targetProxy = 2903ABF82A850A1F0064680D /* PBXContainerItemProxy */;
		};
		2903AC032A850A1F0064680D /* PBXTargetDependency */ = {
			isa = PBXTargetDependency;
			target = 2903ABE12A850A1E0064680D /* IOSDatabases */;
			targetProxy = 2903AC022A850A1F0064680D /* PBXContainerItemProxy */;
		};
/* End PBXTargetDependency section */

/* Begin XCBuildConfiguration section */
		2903AC092A850A1F0064680D /* Debug */ = {
			isa = XCBuildConfiguration;
			buildSettings = {
				ALWAYS_SEARCH_USER_PATHS = NO;
				CLANG_ANALYZER_NONNULL = YES;
				CLANG_ANALYZER_NUMBER_OBJECT_CONVERSION = YES_AGGRESSIVE;
				CLANG_CXX_LANGUAGE_STANDARD = "gnu++20";
				CLANG_ENABLE_MODULES = YES;
				CLANG_ENABLE_OBJC_ARC = YES;
				CLANG_ENABLE_OBJC_WEAK = YES;
				CLANG_WARN_BLOCK_CAPTURE_AUTORELEASING = YES;
				CLANG_WARN_BOOL_CONVERSION = YES;
				CLANG_WARN_COMMA = YES;
				CLANG_WARN_CONSTANT_CONVERSION = YES;
				CLANG_WARN_DEPRECATED_OBJC_IMPLEMENTATIONS = YES;
				CLANG_WARN_DIRECT_OBJC_ISA_USAGE = YES_ERROR;
				CLANG_WARN_DOCUMENTATION_COMMENTS = YES;
				CLANG_WARN_EMPTY_BODY = YES;
				CLANG_WARN_ENUM_CONVERSION = YES;
				CLANG_WARN_INFINITE_RECURSION = YES;
				CLANG_WARN_INT_CONVERSION = YES;
				CLANG_WARN_NON_LITERAL_NULL_CONVERSION = YES;
				CLANG_WARN_OBJC_IMPLICIT_RETAIN_SELF = YES;
				CLANG_WARN_OBJC_LITERAL_CONVERSION = YES;
				CLANG_WARN_OBJC_ROOT_CLASS = YES_ERROR;
				CLANG_WARN_QUOTED_INCLUDE_IN_FRAMEWORK_HEADER = YES;
				CLANG_WARN_RANGE_LOOP_ANALYSIS = YES;
				CLANG_WARN_STRICT_PROTOTYPES = YES;
				CLANG_WARN_SUSPICIOUS_MOVE = YES;
				CLANG_WARN_UNGUARDED_AVAILABILITY = YES_AGGRESSIVE;
				CLANG_WARN_UNREACHABLE_CODE = YES;
				CLANG_WARN__DUPLICATE_METHOD_MATCH = YES;
				COPY_PHASE_STRIP = NO;
				DEBUG_INFORMATION_FORMAT = dwarf;
				ENABLE_STRICT_OBJC_MSGSEND = YES;
				ENABLE_TESTABILITY = YES;
				GCC_C_LANGUAGE_STANDARD = gnu11;
				GCC_DYNAMIC_NO_PIC = NO;
				GCC_NO_COMMON_BLOCKS = YES;
				GCC_OPTIMIZATION_LEVEL = 0;
				GCC_PREPROCESSOR_DEFINITIONS = (
					"DEBUG=1",
					"$(inherited)",
				);
				GCC_WARN_64_TO_32_BIT_CONVERSION = YES;
				GCC_WARN_ABOUT_RETURN_TYPE = YES_ERROR;
				GCC_WARN_UNDECLARED_SELECTOR = YES;
				GCC_WARN_UNINITIALIZED_AUTOS = YES_AGGRESSIVE;
				GCC_WARN_UNUSED_FUNCTION = YES;
				GCC_WARN_UNUSED_VARIABLE = YES;
				IPHONEOS_DEPLOYMENT_TARGET = 16.4;
				MTL_ENABLE_DEBUG_INFO = INCLUDE_SOURCE;
				MTL_FAST_MATH = YES;
				ONLY_ACTIVE_ARCH = YES;
				SDKROOT = iphoneos;
				SWIFT_ACTIVE_COMPILATION_CONDITIONS = DEBUG;
				SWIFT_OPTIMIZATION_LEVEL = "-Onone";
			};
			name = Debug;
		};
		2903AC0A2A850A1F0064680D /* Release */ = {
			isa = XCBuildConfiguration;
			buildSettings = {
				ALWAYS_SEARCH_USER_PATHS = NO;
				CLANG_ANALYZER_NONNULL = YES;
				CLANG_ANALYZER_NUMBER_OBJECT_CONVERSION = YES_AGGRESSIVE;
				CLANG_CXX_LANGUAGE_STANDARD = "gnu++20";
				CLANG_ENABLE_MODULES = YES;
				CLANG_ENABLE_OBJC_ARC = YES;
				CLANG_ENABLE_OBJC_WEAK = YES;
				CLANG_WARN_BLOCK_CAPTURE_AUTORELEASING = YES;
				CLANG_WARN_BOOL_CONVERSION = YES;
				CLANG_WARN_COMMA = YES;
				CLANG_WARN_CONSTANT_CONVERSION = YES;
				CLANG_WARN_DEPRECATED_OBJC_IMPLEMENTATIONS = YES;
				CLANG_WARN_DIRECT_OBJC_ISA_USAGE = YES_ERROR;
				CLANG_WARN_DOCUMENTATION_COMMENTS = YES;
				CLANG_WARN_EMPTY_BODY = YES;
				CLANG_WARN_ENUM_CONVERSION = YES;
				CLANG_WARN_INFINITE_RECURSION = YES;
				CLANG_WARN_INT_CONVERSION = YES;
				CLANG_WARN_NON_LITERAL_NULL_CONVERSION = YES;
				CLANG_WARN_OBJC_IMPLICIT_RETAIN_SELF = YES;
				CLANG_WARN_OBJC_LITERAL_CONVERSION = YES;
				CLANG_WARN_OBJC_ROOT_CLASS = YES_ERROR;
				CLANG_WARN_QUOTED_INCLUDE_IN_FRAMEWORK_HEADER = YES;
				CLANG_WARN_RANGE_LOOP_ANALYSIS = YES;
				CLANG_WARN_STRICT_PROTOTYPES = YES;
				CLANG_WARN_SUSPICIOUS_MOVE = YES;
				CLANG_WARN_UNGUARDED_AVAILABILITY = YES_AGGRESSIVE;
				CLANG_WARN_UNREACHABLE_CODE = YES;
				CLANG_WARN__DUPLICATE_METHOD_MATCH = YES;
				COPY_PHASE_STRIP = NO;
				DEBUG_INFORMATION_FORMAT = "dwarf-with-dsym";
				ENABLE_NS_ASSERTIONS = NO;
				ENABLE_STRICT_OBJC_MSGSEND = YES;
				GCC_C_LANGUAGE_STANDARD = gnu11;
				GCC_NO_COMMON_BLOCKS = YES;
				GCC_WARN_64_TO_32_BIT_CONVERSION = YES;
				GCC_WARN_ABOUT_RETURN_TYPE = YES_ERROR;
				GCC_WARN_UNDECLARED_SELECTOR = YES;
				GCC_WARN_UNINITIALIZED_AUTOS = YES_AGGRESSIVE;
				GCC_WARN_UNUSED_FUNCTION = YES;
				GCC_WARN_UNUSED_VARIABLE = YES;
				IPHONEOS_DEPLOYMENT_TARGET = 16.4;
				MTL_ENABLE_DEBUG_INFO = NO;
				MTL_FAST_MATH = YES;
				SDKROOT = iphoneos;
				SWIFT_COMPILATION_MODE = wholemodule;
				SWIFT_OPTIMIZATION_LEVEL = "-O";
				VALIDATE_PRODUCT = YES;
			};
			name = Release;
		};
		2903AC0C2A850A1F0064680D /* Debug */ = {
			isa = XCBuildConfiguration;
			buildSettings = {
				ASSETCATALOG_COMPILER_APPICON_NAME = AppIcon;
				ASSETCATALOG_COMPILER_GLOBAL_ACCENT_COLOR_NAME = AccentColor;
				CODE_SIGN_STYLE = Automatic;
				CURRENT_PROJECT_VERSION = 1;
				DEVELOPMENT_ASSET_PATHS = "\"IOSDatabases/Preview Content\"";
				DEVELOPMENT_TEAM = AU56JFNS66;
				ENABLE_PREVIEWS = YES;
				GENERATE_INFOPLIST_FILE = YES;
				INFOPLIST_KEY_UIApplicationSceneManifest_Generation = YES;
				INFOPLIST_KEY_UIApplicationSupportsIndirectInputEvents = YES;
				INFOPLIST_KEY_UILaunchScreen_Generation = YES;
				INFOPLIST_KEY_UISupportedInterfaceOrientations_iPad = "UIInterfaceOrientationPortrait UIInterfaceOrientationPortraitUpsideDown UIInterfaceOrientationLandscapeLeft UIInterfaceOrientationLandscapeRight";
				INFOPLIST_KEY_UISupportedInterfaceOrientations_iPhone = "UIInterfaceOrientationPortrait UIInterfaceOrientationLandscapeLeft UIInterfaceOrientationLandscapeRight";
				LD_RUNPATH_SEARCH_PATHS = (
					"$(inherited)",
					"@executable_path/Frameworks",
				);
				MARKETING_VERSION = 1.0;
				PRODUCT_BUNDLE_IDENTIFIER = com.duckdb.IOSDatabases;
				PRODUCT_NAME = "$(TARGET_NAME)";
				SWIFT_EMIT_LOC_STRINGS = YES;
				SWIFT_VERSION = 5.0;
				TARGETED_DEVICE_FAMILY = "1,2";
			};
			name = Debug;
		};
		2903AC0D2A850A1F0064680D /* Release */ = {
			isa = XCBuildConfiguration;
			buildSettings = {
				ASSETCATALOG_COMPILER_APPICON_NAME = AppIcon;
				ASSETCATALOG_COMPILER_GLOBAL_ACCENT_COLOR_NAME = AccentColor;
				CODE_SIGN_STYLE = Automatic;
				CURRENT_PROJECT_VERSION = 1;
				DEVELOPMENT_ASSET_PATHS = "\"IOSDatabases/Preview Content\"";
				DEVELOPMENT_TEAM = AU56JFNS66;
				ENABLE_PREVIEWS = YES;
				GENERATE_INFOPLIST_FILE = YES;
				INFOPLIST_KEY_UIApplicationSceneManifest_Generation = YES;
				INFOPLIST_KEY_UIApplicationSupportsIndirectInputEvents = YES;
				INFOPLIST_KEY_UILaunchScreen_Generation = YES;
				INFOPLIST_KEY_UISupportedInterfaceOrientations_iPad = "UIInterfaceOrientationPortrait UIInterfaceOrientationPortraitUpsideDown UIInterfaceOrientationLandscapeLeft UIInterfaceOrientationLandscapeRight";
				INFOPLIST_KEY_UISupportedInterfaceOrientations_iPhone = "UIInterfaceOrientationPortrait UIInterfaceOrientationLandscapeLeft UIInterfaceOrientationLandscapeRight";
				LD_RUNPATH_SEARCH_PATHS = (
					"$(inherited)",
					"@executable_path/Frameworks",
				);
				MARKETING_VERSION = 1.0;
				PRODUCT_BUNDLE_IDENTIFIER = com.duckdb.IOSDatabases;
				PRODUCT_NAME = "$(TARGET_NAME)";
				SWIFT_EMIT_LOC_STRINGS = YES;
				SWIFT_VERSION = 5.0;
				TARGETED_DEVICE_FAMILY = "1,2";
			};
			name = Release;
		};
		2903AC0F2A850A1F0064680D /* Debug */ = {
			isa = XCBuildConfiguration;
			buildSettings = {
				ALWAYS_EMBED_SWIFT_STANDARD_LIBRARIES = YES;
				BUNDLE_LOADER = "$(TEST_HOST)";
				CODE_SIGN_STYLE = Automatic;
				CURRENT_PROJECT_VERSION = 1;
				DEVELOPMENT_TEAM = AU56JFNS66;
				GENERATE_INFOPLIST_FILE = YES;
				IPHONEOS_DEPLOYMENT_TARGET = 16.4;
				MARKETING_VERSION = 1.0;
				PRODUCT_BUNDLE_IDENTIFIER = com.duckdb.IOSDatabasesTests;
				PRODUCT_NAME = "$(TARGET_NAME)";
				SWIFT_EMIT_LOC_STRINGS = NO;
				SWIFT_VERSION = 5.0;
				TARGETED_DEVICE_FAMILY = "1,2";
				TEST_HOST = "$(BUILT_PRODUCTS_DIR)/IOSDatabases.app/$(BUNDLE_EXECUTABLE_FOLDER_PATH)/IOSDatabases";
			};
			name = Debug;
		};
		2903AC102A850A1F0064680D /* Release */ = {
			isa = XCBuildConfiguration;
			buildSettings = {
				ALWAYS_EMBED_SWIFT_STANDARD_LIBRARIES = YES;
				BUNDLE_LOADER = "$(TEST_HOST)";
				CODE_SIGN_STYLE = Automatic;
				CURRENT_PROJECT_VERSION = 1;
				DEVELOPMENT_TEAM = AU56JFNS66;
				GENERATE_INFOPLIST_FILE = YES;
				IPHONEOS_DEPLOYMENT_TARGET = 16.4;
				MARKETING_VERSION = 1.0;
				PRODUCT_BUNDLE_IDENTIFIER = com.duckdb.IOSDatabasesTests;
				PRODUCT_NAME = "$(TARGET_NAME)";
				SWIFT_EMIT_LOC_STRINGS = NO;
				SWIFT_VERSION = 5.0;
				TARGETED_DEVICE_FAMILY = "1,2";
				TEST_HOST = "$(BUILT_PRODUCTS_DIR)/IOSDatabases.app/$(BUNDLE_EXECUTABLE_FOLDER_PATH)/IOSDatabases";
			};
			name = Release;
		};
		2903AC122A850A1F0064680D /* Debug */ = {
			isa = XCBuildConfiguration;
			buildSettings = {
				ALWAYS_EMBED_SWIFT_STANDARD_LIBRARIES = YES;
				CODE_SIGN_STYLE = Automatic;
				CURRENT_PROJECT_VERSION = 1;
				DEVELOPMENT_TEAM = AU56JFNS66;
				GENERATE_INFOPLIST_FILE = YES;
				MARKETING_VERSION = 1.0;
				PRODUCT_BUNDLE_IDENTIFIER = com.duckdb.IOSDatabasesUITests;
				PRODUCT_NAME = "$(TARGET_NAME)";
				SWIFT_EMIT_LOC_STRINGS = NO;
				SWIFT_VERSION = 5.0;
				TARGETED_DEVICE_FAMILY = "1,2";
				TEST_TARGET_NAME = IOSDatabases;
			};
			name = Debug;
		};
		2903AC132A850A1F0064680D /* Release */ = {
			isa = XCBuildConfiguration;
			buildSettings = {
				ALWAYS_EMBED_SWIFT_STANDARD_LIBRARIES = YES;
				CODE_SIGN_STYLE = Automatic;
				CURRENT_PROJECT_VERSION = 1;
				DEVELOPMENT_TEAM = AU56JFNS66;
				GENERATE_INFOPLIST_FILE = YES;
				MARKETING_VERSION = 1.0;
				PRODUCT_BUNDLE_IDENTIFIER = com.duckdb.IOSDatabasesUITests;
				PRODUCT_NAME = "$(TARGET_NAME)";
				SWIFT_EMIT_LOC_STRINGS = NO;
				SWIFT_VERSION = 5.0;
				TARGETED_DEVICE_FAMILY = "1,2";
				TEST_TARGET_NAME = IOSDatabases;
			};
			name = Release;
		};
/* End XCBuildConfiguration section */

/* Begin XCConfigurationList section */
		2903ABDD2A850A1E0064680D /* Build configuration list for PBXProject "IOSDatabases" */ = {
			isa = XCConfigurationList;
			buildConfigurations = (
				2903AC092A850A1F0064680D /* Debug */,
				2903AC0A2A850A1F0064680D /* Release */,
			);
			defaultConfigurationIsVisible = 0;
			defaultConfigurationName = Release;
		};
		2903AC0B2A850A1F0064680D /* Build configuration list for PBXNativeTarget "IOSDatabases" */ = {
			isa = XCConfigurationList;
			buildConfigurations = (
				2903AC0C2A850A1F0064680D /* Debug */,
				2903AC0D2A850A1F0064680D /* Release */,
			);
			defaultConfigurationIsVisible = 0;
			defaultConfigurationName = Release;
		};
		2903AC0E2A850A1F0064680D /* Build configuration list for PBXNativeTarget "IOSDatabasesTests" */ = {
			isa = XCConfigurationList;
			buildConfigurations = (
				2903AC0F2A850A1F0064680D /* Debug */,
				2903AC102A850A1F0064680D /* Release */,
			);
			defaultConfigurationIsVisible = 0;
			defaultConfigurationName = Release;
		};
		2903AC112A850A1F0064680D /* Build configuration list for PBXNativeTarget "IOSDatabasesUITests" */ = {
			isa = XCConfigurationList;
			buildConfigurations = (
				2903AC122A850A1F0064680D /* Debug */,
				2903AC132A850A1F0064680D /* Release */,
			);
			defaultConfigurationIsVisible = 0;
			defaultConfigurationName = Release;
		};
/* End XCConfigurationList section */

/* Begin XCRemoteSwiftPackageReference section */
		2903AC222A852AA60064680D /* XCRemoteSwiftPackageReference "duckdb-swift" */ = {
			isa = XCRemoteSwiftPackageReference;
			repositoryURL = "https://github.com/duckdb/duckdb-swift";
			requirement = {
				kind = upToNextMajorVersion;
				minimumVersion = 0.8.1;
			};
		};
		2903AC252A852B260064680D /* XCRemoteSwiftPackageReference "realm-swift" */ = {
			isa = XCRemoteSwiftPackageReference;
			repositoryURL = "https://github.com/realm/realm-swift.git";
			requirement = {
				branch = master;
				kind = branch;
			};
		};
		2903AC2A2A852BE50064680D /* XCRemoteSwiftPackageReference "SQLite" */ = {
			isa = XCRemoteSwiftPackageReference;
			repositoryURL = "https://github.com/stephencelis/SQLite.swift";
			requirement = {
				kind = upToNextMajorVersion;
				minimumVersion = 0.14.1;
			};
		};
/* End XCRemoteSwiftPackageReference section */

/* Begin XCSwiftPackageProductDependency section */
		2903AC232A852AA60064680D /* DuckDB */ = {
			isa = XCSwiftPackageProductDependency;
			package = 2903AC222A852AA60064680D /* XCRemoteSwiftPackageReference "duckdb-swift" */;
			productName = DuckDB;
		};
		2903AC262A852B260064680D /* Realm */ = {
			isa = XCSwiftPackageProductDependency;
			package = 2903AC252A852B260064680D /* XCRemoteSwiftPackageReference "realm-swift" */;
			productName = Realm;
		};
		2903AC282A852B260064680D /* RealmSwift */ = {
			isa = XCSwiftPackageProductDependency;
			package = 2903AC252A852B260064680D /* XCRemoteSwiftPackageReference "realm-swift" */;
			productName = RealmSwift;
		};
		2903AC2B2A852BE50064680D /* SQLite */ = {
			isa = XCSwiftPackageProductDependency;
			package = 2903AC2A2A852BE50064680D /* XCRemoteSwiftPackageReference "SQLite" */;
			productName = SQLite;
		};
/* End XCSwiftPackageProductDependency section */

/* Begin XCVersionGroup section */
		2903ABF02A850A1F0064680D /* IOSDatabases.xcdatamodeld */ = {
			isa = XCVersionGroup;
			children = (
				2903ABF12A850A1F0064680D /* IOSDatabases.xcdatamodel */,
			);
			currentVersion = 2903ABF12A850A1F0064680D /* IOSDatabases.xcdatamodel */;
			path = IOSDatabases.xcdatamodeld;
			sourceTree = "<group>";
			versionGroupType = wrapper.xcdatamodel;
		};
/* End XCVersionGroup section */
	};
	rootObject = 2903ABDA2A850A1E0064680D /* Project object */;
}
